
Microsoft Visual Studio Solution File, Format Version 12.00
# Visual Studio Version 16
VisualStudioVersion = 25.0.1706.13
MinimumVisualStudioVersion = 10.0.40219.1
Project("{FAE04EC0-301F-11D3-BF4B-00C04F79EFBC}") = "SCA", "SCA\SCA.csproj", "{B85E2105-4FCB-43F0-AD95-13217B6F8694}"
EndProject
Global
	GlobalSection(SolutionConfigurationPlatforms) = preSolution
		Debug|Any CPU = Debug|Any CPU
		Release|Any CPU = Release|Any CPU
	EndGlobalSection
	GlobalSection(ProjectConfigurationPlatforms) = postSolution
		{B85E2105-4FCB-43F0-AD95-13217B6F8694}.Debug|Any CPU.ActiveCfg = Debug|Any CPU
		{B85E2105-4FCB-43F0-AD95-13217B6F8694}.Debug|Any CPU.Build.0 = Debug|Any CPU
		{B85E2105-4FCB-43F0-AD95-13217B6F8694}.Release|Any CPU.ActiveCfg = Release|Any CPU
		{B85E2105-4FCB-43F0-AD95-13217B6F8694}.Release|Any CPU.Build.0 = Release|Any CPU
	EndGlobalSection
	GlobalSection(SolutionProperties) = preSolution
		HideSolutionNode = FALSE
	EndGlobalSection
	GlobalSection(ExtensibilityGlobals) = postSolution
		SolutionGuid = {77D6D141-896F-4757-8E0B-3FC6B8F21740}
	EndGlobalSection
EndGlobal
